
Microsoft Visual Studio Solution File, Format Version 12.00
# Visual Studio 14
VisualStudioVersion = 14.0.23107.0
MinimumVisualStudioVersion = 10.0.40219.1
Project("{FAE04EC0-301F-11D3-BF4B-00C04F79EFBC}") = "yedDiagramCreator", "yedDiagramCreator\yedDiagramCreator.csproj", "{D7C081F0-EB5E-4DDF-A794-BF3AC93A763D}"
EndProject
Global
	GlobalSection(SolutionConfigurationPlatforms) = preSolution
		Debug|Any CPU = Debug|Any CPU
		Release|Any CPU = Release|Any CPU
	EndGlobalSection
	GlobalSection(ProjectConfigurationPlatforms) = postSolution
		{D7C081F0-EB5E-4DDF-A794-BF3AC93A763D}.Debug|Any CPU.ActiveCfg = Debug|Any CPU
		{D7C081F0-EB5E-4DDF-A794-BF3AC93A763D}.Debug|Any CPU.Build.0 = Debug|Any CPU
		{D7C081F0-EB5E-4DDF-A794-BF3AC93A763D}.Release|Any CPU.ActiveCfg = Release|Any CPU
		{D7C081F0-EB5E-4DDF-A794-BF3AC93A763D}.Release|Any CPU.Build.0 = Release|Any CPU
	EndGlobalSection
	GlobalSection(SolutionProperties) = preSolution
		HideSolutionNode = FALSE
	EndGlobalSection
EndGlobal
